<?xml version="1.0" encoding="utf-8"?>
<Project ToolsVersion="4.0" xmlns="http://schemas.microsoft.com/developer/msbuild/2003">
  <ItemGroup>
    <Filter Include="Kaynak Dosyalar">
      <UniqueIdentifier>{4FC737F1-C7A5-4376-A066-2A32D752A2FF}</UniqueIdentifier>
      <Extensions>cpp;c;cc;cxx;c++;cppm;ixx;def;odl;idl;hpj;bat;asm;asmx</Extensions>
    </Filter>
    <Filter Include="Üst Bilgi Dosyaları">
      <UniqueIdentifier>{93995380-89BD-4b04-88EB-625FBE52EBFB}</UniqueIdentifier>
      <Extensions>h;hh;hpp;hxx;h++;hm;inl;inc;ipp;xsd</Extensions>
    </Filter>
    <Filter Include="Kaynak Dosyaları">
      <UniqueIdentifier>{67DA6AB6-F800-4c08-8B7A-83BB121AAD01}</UniqueIdentifier>
      <Extensions>rc;ico;cur;bmp;dlg;rc2;rct;bin;rgs;gif;jpg;jpeg;jpe;resx;tiff;tif;png;wav;mfcribbon-ms</Extensions>
    </Filter>
    <Filter Include="Kaynak Dosyalar\Globals">
      <UniqueIdentifier>{695cbe0d-4bb6-4825-9ab6-20295c37fd9a}</UniqueIdentifier>
    </Filter>
    <Filter Include="Kaynak Dosyalar\MainClass">
      <UniqueIdentifier>{d90bb899-3669-4194-82e9-9ad5d8e4a625}</UniqueIdentifier>
    </Filter>
    <Filter Include="Kaynak Dosyalar\ModuleClass">
      <UniqueIdentifier>{4e5115cc-145f-4415-8129-31fe38b3443c}</UniqueIdentifier>
    </Filter>
  </ItemGroup>
  <ItemGroup>
    <ClCompile Include="AbletonTask.cpp">
      <Filter>Kaynak Dosyalar</Filter>
    </ClCompile>
    <ClCompile Include="Globals\GlobalFunctions.cpp">
      <Filter>Kaynak Dosyalar\Globals</Filter>
    </ClCompile>
    <ClCompile Include="Globals\GlobalVariables.cpp">
      <Filter>Kaynak Dosyalar\Globals</Filter>
    </ClCompile>
    <ClCompile Include="MainClass\MainClass.cpp">
      <Filter>Kaynak Dosyalar\MainClass</Filter>
    </ClCompile>
    <ClCompile Include="ModuleClass\ModuleClass.cpp">
      <Filter>Kaynak Dosyalar\ModuleClass</Filter>
    </ClCompile>
  </ItemGroup>
  <ItemGroup>
    <ClInclude Include="Globals\Enums.h">
      <Filter>Kaynak Dosyalar\Globals</Filter>
    </ClInclude>
    <ClInclude Include="Globals\GlobalFunctions.h">
      <Filter>Kaynak Dosyalar\Globals</Filter>
    </ClInclude>
    <ClInclude Include="Globals\GlobalVariables.h">
      <Filter>Kaynak Dosyalar\Globals</Filter>
    </ClInclude>
    <ClInclude Include="Globals\Structs.h">
      <Filter>Kaynak Dosyalar\Globals</Filter>
    </ClInclude>
    <ClInclude Include="MainClass\MainClass.h">
      <Filter>Kaynak Dosyalar\MainClass</Filter>
    </ClInclude>
    <ClInclude Include="ModuleClass\ModuleClass.h">
      <Filter>Kaynak Dosyalar\ModuleClass</Filter>
    </ClInclude>
    <ClInclude Include="Globals\Definitions.h">
      <Filter>Kaynak Dosyalar\Globals</Filter>
    </ClInclude>
  </ItemGroup>
</Project>